
Microsoft Visual Studio Solution File, Format Version 12.00
# Visual Studio Version 16
VisualStudioVersion = 16.0.30711.63
MinimumVisualStudioVersion = 10.0.40219.1
Project("{8BC9CEB8-8B4A-11D0-8D11-00A0C91BC942}") = "Gluttest", "Gluttest\Gluttest.vcxproj", "{4DFC340A-A0EB-446E-8A5C-0FE0993F6222}"
EndProject
Global
	GlobalSection(SolutionConfigurationPlatforms) = preSolution
		Debug|x64 = Debug|x64
		Release|x64 = Release|x64
	EndGlobalSection
	GlobalSection(ProjectConfigurationPlatforms) = postSolution
		{4DFC340A-A0EB-446E-8A5C-0FE0993F6222}.Debug|x64.ActiveCfg = Debug|x64
		{4DFC340A-A0EB-446E-8A5C-0FE0993F6222}.Debug|x64.Build.0 = Debug|x64
		{4DFC340A-A0EB-446E-8A5C-0FE0993F6222}.Release|x64.ActiveCfg = Release|x64
		{4DFC340A-A0EB-446E-8A5C-0FE0993F6222}.Release|x64.Build.0 = Release|x64
	EndGlobalSection
	GlobalSection(SolutionProperties) = preSolution
		HideSolutionNode = FALSE
	EndGlobalSection
	GlobalSection(ExtensibilityGlobals) = postSolution
		SolutionGuid = {11F10FCE-938E-4266-A56C-6F18B6B3DEC7}
	EndGlobalSection
EndGlobal
